
Microsoft Visual Studio Solution File, Format Version 12.00
# Visual Studio Version 17
VisualStudioVersion = 17.11.35312.102
MinimumVisualStudioVersion = 10.0.40219.1
Project("{9A19103F-16F7-4668-BE54-9A1E7A4F7556}") = "Inicio", "POO1\Inicio.csproj", "{4F494B3A-641D-4F6E-8AF0-5C6EF3B19DA0}"
EndProject
Project("{9A19103F-16F7-4668-BE54-9A1E7A4F7556}") = "Vetores", "Vetores\Vetores.csproj", "{8BD2B643-2373-4DE3-A73C-0EA7446E5C4C}"
EndProject
Project("{9A19103F-16F7-4668-BE54-9A1E7A4F7556}") = "ExercicioVet", "ExercicioVet\ExercicioVet.csproj", "{E77397FA-4E1F-4DB5-A94B-8E947C63CE64}"
EndProject
Project("{FAE04EC0-301F-11D3-BF4B-00C04F79EFBC}") = "Exercicio_1", "Exercicio_1\Exercicio_1.csproj", "{7A2D7A79-7243-4E33-9B8B-7AD70B27F3C4}"
EndProject
Project("{FAE04EC0-301F-11D3-BF4B-00C04F79EFBC}") = "Exerrcicio_2", "Exerrcicio_2\Exerrcicio_2.csproj", "{3BF24FA0-DBB0-4C0E-9A4C-A0219EE83B22}"
EndProject
Project("{FAE04EC0-301F-11D3-BF4B-00C04F79EFBC}") = "Exercicio_construtor", "Exercicio_construtor\Exercicio_construtor.csproj", "{03030617-3C12-4BFE-969D-1C6DE42D608F}"
EndProject
Project("{FAE04EC0-301F-11D3-BF4B-00C04F79EFBC}") = "Exercicio_fixacao", "Exercicio_fixacao\Exercicio_fixacao.csproj", "{706EB35A-DC40-4C94-841D-8AC0FF884E6E}"
EndProject
Project("{FAE04EC0-301F-11D3-BF4B-00C04F79EFBC}") = "Exercicio_fixacao2", "Exercicio_fixacao2\Exercicio_fixacao2.csproj", "{9DEBA67C-CF76-4B68-8D35-EC66889A8676}"
EndProject
Project("{FAE04EC0-301F-11D3-BF4B-00C04F79EFBC}") = "ExercicioTreino", "ExercicioTreino\ExercicioTreino.csproj", "{2A23649F-658C-4E4C-85E3-9A9941981966}"
EndProject
Project("{FAE04EC0-301F-11D3-BF4B-00C04F79EFBC}") = "Params", "Params\Params.csproj", "{575DD235-E933-4079-B4E8-7D27FCF8E144}"
EndProject
Project("{FAE04EC0-301F-11D3-BF4B-00C04F79EFBC}") = "Reff_e_Out", "Reff_e_Out\Reff_e_Out.csproj", "{A9814CE2-E25B-4B5E-8380-91B1042125A0}"
EndProject
Project("{FAE04EC0-301F-11D3-BF4B-00C04F79EFBC}") = "Boxing", "Boxing\Boxing.csproj", "{80CF694B-0790-432D-BCCB-2BFD689E693E}"
EndProject
Project("{FAE04EC0-301F-11D3-BF4B-00C04F79EFBC}") = "Foreach", "Foreach\Foreach.csproj", "{E050FBEE-C91F-4A7F-A39B-233710A72A75}"
EndProject
Project("{FAE04EC0-301F-11D3-BF4B-00C04F79EFBC}") = "Listas", "Listas\Listas.csproj", "{D6F658C5-6A54-475E-A104-69028A1B254F}"
EndProject
Global
	GlobalSection(SolutionConfigurationPlatforms) = preSolution
		Debug|Any CPU = Debug|Any CPU
		Release|Any CPU = Release|Any CPU
	EndGlobalSection
	GlobalSection(ProjectConfigurationPlatforms) = postSolution
		{4F494B3A-641D-4F6E-8AF0-5C6EF3B19DA0}.Debug|Any CPU.ActiveCfg = Debug|Any CPU
		{4F494B3A-641D-4F6E-8AF0-5C6EF3B19DA0}.Debug|Any CPU.Build.0 = Debug|Any CPU
		{4F494B3A-641D-4F6E-8AF0-5C6EF3B19DA0}.Release|Any CPU.ActiveCfg = Release|Any CPU
		{4F494B3A-641D-4F6E-8AF0-5C6EF3B19DA0}.Release|Any CPU.Build.0 = Release|Any CPU
		{8BD2B643-2373-4DE3-A73C-0EA7446E5C4C}.Debug|Any CPU.ActiveCfg = Debug|Any CPU
		{8BD2B643-2373-4DE3-A73C-0EA7446E5C4C}.Debug|Any CPU.Build.0 = Debug|Any CPU
		{8BD2B643-2373-4DE3-A73C-0EA7446E5C4C}.Release|Any CPU.ActiveCfg = Release|Any CPU
		{8BD2B643-2373-4DE3-A73C-0EA7446E5C4C}.Release|Any CPU.Build.0 = Release|Any CPU
		{E77397FA-4E1F-4DB5-A94B-8E947C63CE64}.Debug|Any CPU.ActiveCfg = Debug|Any CPU
		{E77397FA-4E1F-4DB5-A94B-8E947C63CE64}.Debug|Any CPU.Build.0 = Debug|Any CPU
		{E77397FA-4E1F-4DB5-A94B-8E947C63CE64}.Release|Any CPU.ActiveCfg = Release|Any CPU
		{E77397FA-4E1F-4DB5-A94B-8E947C63CE64}.Release|Any CPU.Build.0 = Release|Any CPU
		{7A2D7A79-7243-4E33-9B8B-7AD70B27F3C4}.Debug|Any CPU.ActiveCfg = Debug|Any CPU
		{7A2D7A79-7243-4E33-9B8B-7AD70B27F3C4}.Debug|Any CPU.Build.0 = Debug|Any CPU
		{7A2D7A79-7243-4E33-9B8B-7AD70B27F3C4}.Release|Any CPU.ActiveCfg = Release|Any CPU
		{7A2D7A79-7243-4E33-9B8B-7AD70B27F3C4}.Release|Any CPU.Build.0 = Release|Any CPU
		{3BF24FA0-DBB0-4C0E-9A4C-A0219EE83B22}.Debug|Any CPU.ActiveCfg = Debug|Any CPU
		{3BF24FA0-DBB0-4C0E-9A4C-A0219EE83B22}.Debug|Any CPU.Build.0 = Debug|Any CPU
		{3BF24FA0-DBB0-4C0E-9A4C-A0219EE83B22}.Release|Any CPU.ActiveCfg = Release|Any CPU
		{3BF24FA0-DBB0-4C0E-9A4C-A0219EE83B22}.Release|Any CPU.Build.0 = Release|Any CPU
		{03030617-3C12-4BFE-969D-1C6DE42D608F}.Debug|Any CPU.ActiveCfg = Debug|Any CPU
		{03030617-3C12-4BFE-969D-1C6DE42D608F}.Debug|Any CPU.Build.0 = Debug|Any CPU
		{03030617-3C12-4BFE-969D-1C6DE42D608F}.Release|Any CPU.ActiveCfg = Release|Any CPU
		{03030617-3C12-4BFE-969D-1C6DE42D608F}.Release|Any CPU.Build.0 = Release|Any CPU
		{706EB35A-DC40-4C94-841D-8AC0FF884E6E}.Debug|Any CPU.ActiveCfg = Debug|Any CPU
		{706EB35A-DC40-4C94-841D-8AC0FF884E6E}.Debug|Any CPU.Build.0 = Debug|Any CPU
		{706EB35A-DC40-4C94-841D-8AC0FF884E6E}.Release|Any CPU.ActiveCfg = Release|Any CPU
		{706EB35A-DC40-4C94-841D-8AC0FF884E6E}.Release|Any CPU.Build.0 = Release|Any CPU
		{9DEBA67C-CF76-4B68-8D35-EC66889A8676}.Debug|Any CPU.ActiveCfg = Debug|Any CPU
		{9DEBA67C-CF76-4B68-8D35-EC66889A8676}.Debug|Any CPU.Build.0 = Debug|Any CPU
		{9DEBA67C-CF76-4B68-8D35-EC66889A8676}.Release|Any CPU.ActiveCfg = Release|Any CPU
		{9DEBA67C-CF76-4B68-8D35-EC66889A8676}.Release|Any CPU.Build.0 = Release|Any CPU
		{2A23649F-658C-4E4C-85E3-9A9941981966}.Debug|Any CPU.ActiveCfg = Debug|Any CPU
		{2A23649F-658C-4E4C-85E3-9A9941981966}.Debug|Any CPU.Build.0 = Debug|Any CPU
		{2A23649F-658C-4E4C-85E3-9A9941981966}.Release|Any CPU.ActiveCfg = Release|Any CPU
		{2A23649F-658C-4E4C-85E3-9A9941981966}.Release|Any CPU.Build.0 = Release|Any CPU
		{575DD235-E933-4079-B4E8-7D27FCF8E144}.Debug|Any CPU.ActiveCfg = Debug|Any CPU
		{575DD235-E933-4079-B4E8-7D27FCF8E144}.Debug|Any CPU.Build.0 = Debug|Any CPU
		{575DD235-E933-4079-B4E8-7D27FCF8E144}.Release|Any CPU.ActiveCfg = Release|Any CPU
		{575DD235-E933-4079-B4E8-7D27FCF8E144}.Release|Any CPU.Build.0 = Release|Any CPU
		{A9814CE2-E25B-4B5E-8380-91B1042125A0}.Debug|Any CPU.ActiveCfg = Debug|Any CPU
		{A9814CE2-E25B-4B5E-8380-91B1042125A0}.Debug|Any CPU.Build.0 = Debug|Any CPU
		{A9814CE2-E25B-4B5E-8380-91B1042125A0}.Release|Any CPU.ActiveCfg = Release|Any CPU
		{A9814CE2-E25B-4B5E-8380-91B1042125A0}.Release|Any CPU.Build.0 = Release|Any CPU
		{80CF694B-0790-432D-BCCB-2BFD689E693E}.Debug|Any CPU.ActiveCfg = Debug|Any CPU
		{80CF694B-0790-432D-BCCB-2BFD689E693E}.Debug|Any CPU.Build.0 = Debug|Any CPU
		{80CF694B-0790-432D-BCCB-2BFD689E693E}.Release|Any CPU.ActiveCfg = Release|Any CPU
		{80CF694B-0790-432D-BCCB-2BFD689E693E}.Release|Any CPU.Build.0 = Release|Any CPU
		{E050FBEE-C91F-4A7F-A39B-233710A72A75}.Debug|Any CPU.ActiveCfg = Debug|Any CPU
		{E050FBEE-C91F-4A7F-A39B-233710A72A75}.Debug|Any CPU.Build.0 = Debug|Any CPU
		{E050FBEE-C91F-4A7F-A39B-233710A72A75}.Release|Any CPU.ActiveCfg = Release|Any CPU
		{E050FBEE-C91F-4A7F-A39B-233710A72A75}.Release|Any CPU.Build.0 = Release|Any CPU
		{D6F658C5-6A54-475E-A104-69028A1B254F}.Debug|Any CPU.ActiveCfg = Debug|Any CPU
		{D6F658C5-6A54-475E-A104-69028A1B254F}.Debug|Any CPU.Build.0 = Debug|Any CPU
		{D6F658C5-6A54-475E-A104-69028A1B254F}.Release|Any CPU.ActiveCfg = Release|Any CPU
		{D6F658C5-6A54-475E-A104-69028A1B254F}.Release|Any CPU.Build.0 = Release|Any CPU
	EndGlobalSection
	GlobalSection(SolutionProperties) = preSolution
		HideSolutionNode = FALSE
	EndGlobalSection
	GlobalSection(ExtensibilityGlobals) = postSolution
		SolutionGuid = {E8769750-D13F-4F81-B38E-FDE8D5122F5E}
	EndGlobalSection
EndGlobal
